%{"active": {:git, "https://github.com/proger/active", "8a8d2da6b309bbeae96adf45ab1d696172cde3aa", [ref: "HEAD"]},
  "erldocker": {:git, "git://github.com/proger/erldocker.git", "183e525ad7ae8da94ba0839a6d7c4b2d84ba9e37", []},
  "erlfsmon": {:git, "git://github.com/proger/erlfsmon", "12759ab5e531d89768e14078f130daf9e5969749", [ref: "HEAD"]},
  "erlsh": {:git, "https://github.com/proger/erlsh", "490aa8f2ce80810d7aa3c0125c9fb34706004d70", [ref: "HEAD"]},
  "fn": {:git, "https://github.com/reiddraper/fn", "1e8f3f43e5fa6e5e68eb19184fa60d8da5de99d0", [tag: "0.3.0"]},
  "goldrush": {:git, "git://github.com/DeadZen/goldrush.git", "879c69874a555b2c13498aa4a3da6f6bbbb6a031", [tag: "879c69874a"]},
  "hackney": {:git, "https://github.com/benoitc/hackney", "5b0f7eb949ebebd6fabfbc4e08a7b7231850606a", [tag: "0.4.4"]},
  "json": {:git, "git://github.com/talentdeficit/json.git", "5eecb423e04124f74e4402923c47fe4f4d2f5653", [ref: "5eecb423e04124f74e4402923c47fe4f4d2f5653"]},
  "json_patch_tests": {:git, "git://github.com/json-patch/json-patch-tests.git", "86ad182cbc2ba0c4ed0f539753a283c6c9755f21", []},
  "jsonpointer": {:git, "git://github.com/talentdeficit/jsonpointer.git", "b6942f06bdaab9f6d25f3906fe245085e70db663", []},
  "jsx": {:git, "git://github.com/talentdeficit/jsx.git", "e751e3324fdfae4b43984650f7c8f4d5ea93da26", []},
  "jsxn": {:package, "0.2.1"},
  "lager": {:git, "https://github.com/basho/lager", "169cffd94759e99e2e8870b125861a91e3c1482a", [tag: "2.0.0"]},
  "meck": {:git, "git://github.com/basho/meck.git", "d4730c6d47e437b1dcd170551506e7b10596cd5a", [tag: "0.8.1p1"]},
  "mimetypes": {:git, "https://github.com/spawngrid/mimetypes.git", "47d37a977a7d633199822bf6b08353007483d00f", [ref: "master"]},
  "pooler": {:git, "git://github.com/seth/pooler.git", "37da392e5de1d8b9bfa277e2e13238b6610a1cd7", [tag: "1.0.0"]},
  "protobuffs": {:git, "git://github.com/basho/erlang_protobuffs.git", "5257dfe4e000b58487af89b849c7336ffa9bae82", [tag: "0.8.1p4"]},
  "riak_pb": {:git, "git://github.com/basho/riak_pb", "fc18a9b37170431f659e08d66ed78e3f6bbc47ca", [tag: "2.0.0.16"]},
  "riakc": {:git, "git://github.com/basho/riak-erlang-client.git", "6771318208acc9afc61a918194dcd450e5e8cc7d", [branch: "master"]}}
